// !$*UTF8*$!
{
	archiveVersion = 1;
	classes = {
	};
	objectVersion = 55;
	objects = {

/* Begin PBXBuildFile section */
		090EE6B42739940400FDFCED /* ReclipFeaturedFeedApp.swift in Sources */ = {isa = PBXBuildFile; fileRef = 090EE6B32739940400FDFCED /* ReclipFeaturedFeedApp.swift */; };
		090EE6B62739940400FDFCED /* FeedView.swift in Sources */ = {isa = PBXBuildFile; fileRef = 090EE6B52739940400FDFCED /* FeedView.swift */; };
		090EE6B82739940700FDFCED /* Assets.xcassets in Resources */ = {isa = PBXBuildFile; fileRef = 090EE6B72739940700FDFCED /* Assets.xcassets */; };
		090EE6BB2739940700FDFCED /* Preview Assets.xcassets in Resources */ = {isa = PBXBuildFile; fileRef = 090EE6BA2739940700FDFCED /* Preview Assets.xcassets */; };
		090EE6C52739940700FDFCED /* ReclipFeaturedFeedTests.swift in Sources */ = {isa = PBXBuildFile; fileRef = 090EE6C42739940700FDFCED /* ReclipFeaturedFeedTests.swift */; };
		090EE6DE273994D600FDFCED /* VideoPlayerView.swift in Sources */ = {isa = PBXBuildFile; fileRef = 090EE6DD273994D600FDFCED /* VideoPlayerView.swift */; };
		090EE6E02739995600FDFCED /* FeaturedFeedAPI.swift in Sources */ = {isa = PBXBuildFile; fileRef = 090EE6DF2739995600FDFCED /* FeaturedFeedAPI.swift */; };
		0E440A8427A55C140023A05C /* Video.swift in Sources */ = {isa = PBXBuildFile; fileRef = 0E440A8327A55C140023A05C /* Video.swift */; };
		0E53FE12279FFFD300AF2F4C /* DataService.swift in Sources */ = {isa = PBXBuildFile; fileRef = 0E53FE11279FFFD300AF2F4C /* DataService.swift */; };
		0EBA36AE27A54FDB00F47F33 /* VideoFooterView.swift in Sources */ = {isa = PBXBuildFile; fileRef = 0EBA36AD27A54FDA00F47F33 /* VideoFooterView.swift */; };
		0EBA36B027A550A900F47F33 /* VideoPlayerUIViewController.swift in Sources */ = {isa = PBXBuildFile; fileRef = 0EBA36AF27A550A900F47F33 /* VideoPlayerUIViewController.swift */; };
/* End PBXBuildFile section */

/* Begin PBXContainerItemProxy section */
		090EE6C12739940700FDFCED /* PBXContainerItemProxy */ = {
			isa = PBXContainerItemProxy;
			containerPortal = 090EE6A82739940400FDFCED /* Project object */;
			proxyType = 1;
			remoteGlobalIDString = 090EE6AF2739940400FDFCED;
			remoteInfo = ReclipFeaturedFeed;
		};
/* End PBXContainerItemProxy section */

/* Begin PBXFileReference section */
		090EE6B02739940400FDFCED /* ReclipFeaturedFeed.app */ = {isa = PBXFileReference; explicitFileType = wrapper.application; includeInIndex = 0; path = ReclipFeaturedFeed.app; sourceTree = BUILT_PRODUCTS_DIR; };
		090EE6B32739940400FDFCED /* ReclipFeaturedFeedApp.swift */ = {isa = PBXFileReference; lastKnownFileType = sourcecode.swift; path = ReclipFeaturedFeedApp.swift; sourceTree = "<group>"; };
		090EE6B52739940400FDFCED /* FeedView.swift */ = {isa = PBXFileReference; lastKnownFileType = sourcecode.swift; path = FeedView.swift; sourceTree = "<group>"; };
		090EE6B72739940700FDFCED /* Assets.xcassets */ = {isa = PBXFileReference; lastKnownFileType = folder.assetcatalog; path = Assets.xcassets; sourceTree = "<group>"; };
		090EE6BA2739940700FDFCED /* Preview Assets.xcassets */ = {isa = PBXFileReference; lastKnownFileType = folder.assetcatalog; path = "Preview Assets.xcassets"; sourceTree = "<group>"; };
		090EE6C02739940700FDFCED /* ReclipFeaturedFeedTests.xctest */ = {isa = PBXFileReference; explicitFileType = wrapper.cfbundle; includeInIndex = 0; path = ReclipFeaturedFeedTests.xctest; sourceTree = BUILT_PRODUCTS_DIR; };
		090EE6C42739940700FDFCED /* ReclipFeaturedFeedTests.swift */ = {isa = PBXFileReference; lastKnownFileType = sourcecode.swift; path = ReclipFeaturedFeedTests.swift; sourceTree = "<group>"; };
		090EE6DD273994D600FDFCED /* VideoPlayerView.swift */ = {isa = PBXFileReference; lastKnownFileType = sourcecode.swift; path = VideoPlayerView.swift; sourceTree = "<group>"; };
		090EE6DF2739995600FDFCED /* FeaturedFeedAPI.swift */ = {isa = PBXFileReference; lastKnownFileType = sourcecode.swift; path = FeaturedFeedAPI.swift; sourceTree = "<group>"; };
		0E440A8327A55C140023A05C /* Video.swift */ = {isa = PBXFileReference; lastKnownFileType = sourcecode.swift; path = Video.swift; sourceTree = "<group>"; };
		0E53FE11279FFFD300AF2F4C /* DataService.swift */ = {isa = PBXFileReference; lastKnownFileType = sourcecode.swift; path = DataService.swift; sourceTree = "<group>"; };
		0EBA36AD27A54FDA00F47F33 /* VideoFooterView.swift */ = {isa = PBXFileReference; lastKnownFileType = sourcecode.swift; path = VideoFooterView.swift; sourceTree = "<group>"; };
		0EBA36AF27A550A900F47F33 /* VideoPlayerUIViewController.swift */ = {isa = PBXFileReference; lastKnownFileType = sourcecode.swift; path = VideoPlayerUIViewController.swift; sourceTree = "<group>"; };
/* End PBXFileReference section */

/* Begin PBXFrameworksBuildPhase section */
		090EE6AD2739940400FDFCED /* Frameworks */ = {
			isa = PBXFrameworksBuildPhase;
			buildActionMask = 2147483647;
			files = (
			);
			runOnlyForDeploymentPostprocessing = 0;
		};
		090EE6BD2739940700FDFCED /* Frameworks */ = {
			isa = PBXFrameworksBuildPhase;
			buildActionMask = 2147483647;
			files = (
			);
			runOnlyForDeploymentPostprocessing = 0;
		};
/* End PBXFrameworksBuildPhase section */

/* Begin PBXGroup section */
		090EE6A72739940400FDFCED = {
			isa = PBXGroup;
			children = (
				090EE6B22739940400FDFCED /* ReclipFeaturedFeed */,
				090EE6C32739940700FDFCED /* ReclipFeaturedFeedTests */,
				090EE6B12739940400FDFCED /* Products */,
			);
			sourceTree = "<group>";
		};
		090EE6B12739940400FDFCED /* Products */ = {
			isa = PBXGroup;
			children = (
				090EE6B02739940400FDFCED /* ReclipFeaturedFeed.app */,
				090EE6C02739940700FDFCED /* ReclipFeaturedFeedTests.xctest */,
			);
			name = Products;
			sourceTree = "<group>";
		};
		090EE6B22739940400FDFCED /* ReclipFeaturedFeed */ = {
			isa = PBXGroup;
			children = (
				0E440A8527A55DEC0023A05C /* Service */,
				0E440A8627A55E050023A05C /* Model */,
				0E440A8727A55E2F0023A05C /* View */,
				090EE6B32739940400FDFCED /* ReclipFeaturedFeedApp.swift */,
				090EE6B72739940700FDFCED /* Assets.xcassets */,
				090EE6B92739940700FDFCED /* Preview Content */,
			);
			path = ReclipFeaturedFeed;
			sourceTree = "<group>";
		};
		090EE6B92739940700FDFCED /* Preview Content */ = {
			isa = PBXGroup;
			children = (
				090EE6BA2739940700FDFCED /* Preview Assets.xcassets */,
			);
			path = "Preview Content";
			sourceTree = "<group>";
		};
		090EE6C32739940700FDFCED /* ReclipFeaturedFeedTests */ = {
			isa = PBXGroup;
			children = (
				090EE6C42739940700FDFCED /* ReclipFeaturedFeedTests.swift */,
			);
			path = ReclipFeaturedFeedTests;
			sourceTree = "<group>";
		};
		0E440A8527A55DEC0023A05C /* Service */ = {
			isa = PBXGroup;
			children = (
				0E53FE11279FFFD300AF2F4C /* DataService.swift */,
				090EE6DF2739995600FDFCED /* FeaturedFeedAPI.swift */,
			);
			path = Service;
			sourceTree = "<group>";
		};
		0E440A8627A55E050023A05C /* Model */ = {
			isa = PBXGroup;
			children = (
				0E440A8327A55C140023A05C /* Video.swift */,
			);
			path = Model;
			sourceTree = "<group>";
		};
		0E440A8727A55E2F0023A05C /* View */ = {
			isa = PBXGroup;
			children = (
				090EE6B52739940400FDFCED /* FeedView.swift */,
				0EBA36AD27A54FDA00F47F33 /* VideoFooterView.swift */,
				0EBA36AF27A550A900F47F33 /* VideoPlayerUIViewController.swift */,
				090EE6DD273994D600FDFCED /* VideoPlayerView.swift */,
			);
			path = View;
			sourceTree = "<group>";
		};
/* End PBXGroup section */

/* Begin PBXNativeTarget section */
		090EE6AF2739940400FDFCED /* ReclipFeaturedFeed */ = {
			isa = PBXNativeTarget;
			buildConfigurationList = 090EE6D42739940700FDFCED /* Build configuration list for PBXNativeTarget "ReclipFeaturedFeed" */;
			buildPhases = (
				090EE6AC2739940400FDFCED /* Sources */,
				090EE6AD2739940400FDFCED /* Frameworks */,
				090EE6AE2739940400FDFCED /* Resources */,
			);
			buildRules = (
			);
			dependencies = (
			);
			name = ReclipFeaturedFeed;
			productName = ReclipFeaturedFeed;
			productReference = 090EE6B02739940400FDFCED /* ReclipFeaturedFeed.app */;
			productType = "com.apple.product-type.application";
		};
		090EE6BF2739940700FDFCED /* ReclipFeaturedFeedTests */ = {
			isa = PBXNativeTarget;
			buildConfigurationList = 090EE6D72739940700FDFCED /* Build configuration list for PBXNativeTarget "ReclipFeaturedFeedTests" */;
			buildPhases = (
				090EE6BC2739940700FDFCED /* Sources */,
				090EE6BD2739940700FDFCED /* Frameworks */,
				090EE6BE2739940700FDFCED /* Resources */,
			);
			buildRules = (
			);
			dependencies = (
				090EE6C22739940700FDFCED /* PBXTargetDependency */,
			);
			name = ReclipFeaturedFeedTests;
			productName = ReclipFeaturedFeedTests;
			productReference = 090EE6C02739940700FDFCED /* ReclipFeaturedFeedTests.xctest */;
			productType = "com.apple.product-type.bundle.unit-test";
		};
/* End PBXNativeTarget section */

/* Begin PBXProject section */
		090EE6A82739940400FDFCED /* Project object */ = {
			isa = PBXProject;
			attributes = {
				BuildIndependentTargetsInParallel = 1;
				LastSwiftUpdateCheck = 1310;
				LastUpgradeCheck = 1310;
				TargetAttributes = {
					090EE6AF2739940400FDFCED = {
						CreatedOnToolsVersion = 13.1;
					};
					090EE6BF2739940700FDFCED = {
						CreatedOnToolsVersion = 13.1;
						TestTargetID = 090EE6AF2739940400FDFCED;
					};
				};
			};
			buildConfigurationList = 090EE6AB2739940400FDFCED /* Build configuration list for PBXProject "ReclipFeaturedFeed" */;
			compatibilityVersion = "Xcode 13.0";
			developmentRegion = en;
			hasScannedForEncodings = 0;
			knownRegions = (
				en,
				Base,
			);
			mainGroup = 090EE6A72739940400FDFCED;
			productRefGroup = 090EE6B12739940400FDFCED /* Products */;
			projectDirPath = "";
			projectRoot = "";
			targets = (
				090EE6AF2739940400FDFCED /* ReclipFeaturedFeed */,
				090EE6BF2739940700FDFCED /* ReclipFeaturedFeedTests */,
			);
		};
/* End PBXProject section */

/* Begin PBXResourcesBuildPhase section */
		090EE6AE2739940400FDFCED /* Resources */ = {
			isa = PBXResourcesBuildPhase;
			buildActionMask = 2147483647;
			files = (
				090EE6BB2739940700FDFCED /* Preview Assets.xcassets in Resources */,
				090EE6B82739940700FDFCED /* Assets.xcassets in Resources */,
			);
			runOnlyForDeploymentPostprocessing = 0;
		};
		090EE6BE2739940700FDFCED /* Resources */ = {
			isa = PBXResourcesBuildPhase;
			buildActionMask = 2147483647;
			files = (
			);
			runOnlyForDeploymentPostprocessing = 0;
		};
/* End PBXResourcesBuildPhase section */

/* Begin PBXSourcesBuildPhase section */
		090EE6AC2739940400FDFCED /* Sources */ = {
			isa = PBXSourcesBuildPhase;
			buildActionMask = 2147483647;
			files = (
				090EE6E02739995600FDFCED /* FeaturedFeedAPI.swift in Sources */,
				090EE6B62739940400FDFCED /* FeedView.swift in Sources */,
				090EE6B42739940400FDFCED /* ReclipFeaturedFeedApp.swift in Sources */,
				0E53FE12279FFFD300AF2F4C /* DataService.swift in Sources */,
				090EE6DE273994D600FDFCED /* VideoPlayerView.swift in Sources */,
				0E440A8427A55C140023A05C /* Video.swift in Sources */,
				0EBA36B027A550A900F47F33 /* VideoPlayerUIViewController.swift in Sources */,
				0EBA36AE27A54FDB00F47F33 /* VideoFooterView.swift in Sources */,
			);
			runOnlyForDeploymentPostprocessing = 0;
		};
		090EE6BC2739940700FDFCED /* Sources */ = {
			isa = PBXSourcesBuildPhase;
			buildActionMask = 2147483647;
			files = (
				090EE6C52739940700FDFCED /* ReclipFeaturedFeedTests.swift in Sources */,
			);
			runOnlyForDeploymentPostprocessing = 0;
		};
/* End PBXSourcesBuildPhase section */

/* Begin PBXTargetDependency section */
		090EE6C22739940700FDFCED /* PBXTargetDependency */ = {
			isa = PBXTargetDependency;
			target = 090EE6AF2739940400FDFCED /* ReclipFeaturedFeed */;
			targetProxy = 090EE6C12739940700FDFCED /* PBXContainerItemProxy */;
		};
/* End PBXTargetDependency section */

/* Begin XCBuildConfiguration section */
		090EE6D22739940700FDFCED /* Debug */ = {
			isa = XCBuildConfiguration;
			buildSettings = {
				ALWAYS_SEARCH_USER_PATHS = NO;
				CLANG_ANALYZER_NONNULL = YES;
				CLANG_ANALYZER_NUMBER_OBJECT_CONVERSION = YES_AGGRESSIVE;
				CLANG_CXX_LANGUAGE_STANDARD = "gnu++17";
				CLANG_CXX_LIBRARY = "libc++";
				CLANG_ENABLE_MODULES = YES;
				CLANG_ENABLE_OBJC_ARC = YES;
				CLANG_ENABLE_OBJC_WEAK = YES;
				CLANG_WARN_BLOCK_CAPTURE_AUTORELEASING = YES;
				CLANG_WARN_BOOL_CONVERSION = YES;
				CLANG_WARN_COMMA = YES;
				CLANG_WARN_CONSTANT_CONVERSION = YES;
				CLANG_WARN_DEPRECATED_OBJC_IMPLEMENTATIONS = YES;
				CLANG_WARN_DIRECT_OBJC_ISA_USAGE = YES_ERROR;
				CLANG_WARN_DOCUMENTATION_COMMENTS = YES;
				CLANG_WARN_EMPTY_BODY = YES;
				CLANG_WARN_ENUM_CONVERSION = YES;
				CLANG_WARN_INFINITE_RECURSION = YES;
				CLANG_WARN_INT_CONVERSION = YES;
				CLANG_WARN_NON_LITERAL_NULL_CONVERSION = YES;
				CLANG_WARN_OBJC_IMPLICIT_RETAIN_SELF = YES;
				CLANG_WARN_OBJC_LITERAL_CONVERSION = YES;
				CLANG_WARN_OBJC_ROOT_CLASS = YES_ERROR;
				CLANG_WARN_QUOTED_INCLUDE_IN_FRAMEWORK_HEADER = YES;
				CLANG_WARN_RANGE_LOOP_ANALYSIS = YES;
				CLANG_WARN_STRICT_PROTOTYPES = YES;
				CLANG_WARN_SUSPICIOUS_MOVE = YES;
				CLANG_WARN_UNGUARDED_AVAILABILITY = YES_AGGRESSIVE;
				CLANG_WARN_UNREACHABLE_CODE = YES;
				CLANG_WARN__DUPLICATE_METHOD_MATCH = YES;
				COPY_PHASE_STRIP = NO;
				DEBUG_INFORMATION_FORMAT = dwarf;
				ENABLE_STRICT_OBJC_MSGSEND = YES;
				ENABLE_TESTABILITY = YES;
				GCC_C_LANGUAGE_STANDARD = gnu11;
				GCC_DYNAMIC_NO_PIC = NO;
				GCC_NO_COMMON_BLOCKS = YES;
				GCC_OPTIMIZATION_LEVEL = 0;
				GCC_PREPROCESSOR_DEFINITIONS = (
					"DEBUG=1",
					"$(inherited)",
				);
				GCC_WARN_64_TO_32_BIT_CONVERSION = YES;
				GCC_WARN_ABOUT_RETURN_TYPE = YES_ERROR;
				GCC_WARN_UNDECLARED_SELECTOR = YES;
				GCC_WARN_UNINITIALIZED_AUTOS = YES_AGGRESSIVE;
				GCC_WARN_UNUSED_FUNCTION = YES;
				GCC_WARN_UNUSED_VARIABLE = YES;
				IPHONEOS_DEPLOYMENT_TARGET = 15.0;
				MTL_ENABLE_DEBUG_INFO = INCLUDE_SOURCE;
				MTL_FAST_MATH = YES;
				ONLY_ACTIVE_ARCH = YES;
				SDKROOT = iphoneos;
				SWIFT_ACTIVE_COMPILATION_CONDITIONS = DEBUG;
				SWIFT_OPTIMIZATION_LEVEL = "-Onone";
			};
			name = Debug;
		};
		090EE6D32739940700FDFCED /* Release */ = {
			isa = XCBuildConfiguration;
			buildSettings = {
				ALWAYS_SEARCH_USER_PATHS = NO;
				CLANG_ANALYZER_NONNULL = YES;
				CLANG_ANALYZER_NUMBER_OBJECT_CONVERSION = YES_AGGRESSIVE;
				CLANG_CXX_LANGUAGE_STANDARD = "gnu++17";
				CLANG_CXX_LIBRARY = "libc++";
				CLANG_ENABLE_MODULES = YES;
				CLANG_ENABLE_OBJC_ARC = YES;
				CLANG_ENABLE_OBJC_WEAK = YES;
				CLANG_WARN_BLOCK_CAPTURE_AUTORELEASING = YES;
				CLANG_WARN_BOOL_CONVERSION = YES;
				CLANG_WARN_COMMA = YES;
				CLANG_WARN_CONSTANT_CONVERSION = YES;
				CLANG_WARN_DEPRECATED_OBJC_IMPLEMENTATIONS = YES;
				CLANG_WARN_DIRECT_OBJC_ISA_USAGE = YES_ERROR;
				CLANG_WARN_DOCUMENTATION_COMMENTS = YES;
				CLANG_WARN_EMPTY_BODY = YES;
				CLANG_WARN_ENUM_CONVERSION = YES;
				CLANG_WARN_INFINITE_RECURSION = YES;
				CLANG_WARN_INT_CONVERSION = YES;
				CLANG_WARN_NON_LITERAL_NULL_CONVERSION = YES;
				CLANG_WARN_OBJC_IMPLICIT_RETAIN_SELF = YES;
				CLANG_WARN_OBJC_LITERAL_CONVERSION = YES;
				CLANG_WARN_OBJC_ROOT_CLASS = YES_ERROR;
				CLANG_WARN_QUOTED_INCLUDE_IN_FRAMEWORK_HEADER = YES;
				CLANG_WARN_RANGE_LOOP_ANALYSIS = YES;
				CLANG_WARN_STRICT_PROTOTYPES = YES;
				CLANG_WARN_SUSPICIOUS_MOVE = YES;
				CLANG_WARN_UNGUARDED_AVAILABILITY = YES_AGGRESSIVE;
				CLANG_WARN_UNREACHABLE_CODE = YES;
				CLANG_WARN__DUPLICATE_METHOD_MATCH = YES;
				COPY_PHASE_STRIP = NO;
				DEBUG_INFORMATION_FORMAT = "dwarf-with-dsym";
				ENABLE_NS_ASSERTIONS = NO;
				ENABLE_STRICT_OBJC_MSGSEND = YES;
				GCC_C_LANGUAGE_STANDARD = gnu11;
				GCC_NO_COMMON_BLOCKS = YES;
				GCC_WARN_64_TO_32_BIT_CONVERSION = YES;
				GCC_WARN_ABOUT_RETURN_TYPE = YES_ERROR;
				GCC_WARN_UNDECLARED_SELECTOR = YES;
				GCC_WARN_UNINITIALIZED_AUTOS = YES_AGGRESSIVE;
				GCC_WARN_UNUSED_FUNCTION = YES;
				GCC_WARN_UNUSED_VARIABLE = YES;
				IPHONEOS_DEPLOYMENT_TARGET = 15.0;
				MTL_ENABLE_DEBUG_INFO = NO;
				MTL_FAST_MATH = YES;
				SDKROOT = iphoneos;
				SWIFT_COMPILATION_MODE = wholemodule;
				SWIFT_OPTIMIZATION_LEVEL = "-O";
				VALIDATE_PRODUCT = YES;
			};
			name = Release;
		};
		090EE6D52739940700FDFCED /* Debug */ = {
			isa = XCBuildConfiguration;
			buildSettings = {
				ASSETCATALOG_COMPILER_APPICON_NAME = AppIcon;
				ASSETCATALOG_COMPILER_GLOBAL_ACCENT_COLOR_NAME = AccentColor;
				CODE_SIGN_STYLE = Automatic;
				CURRENT_PROJECT_VERSION = 1;
				DEVELOPMENT_ASSET_PATHS = "\"ReclipFeaturedFeed/Preview Content\"";
				ENABLE_PREVIEWS = YES;
				GENERATE_INFOPLIST_FILE = YES;
				INFOPLIST_KEY_UIApplicationSceneManifest_Generation = YES;
				INFOPLIST_KEY_UIApplicationSupportsIndirectInputEvents = YES;
				INFOPLIST_KEY_UILaunchScreen_Generation = YES;
				INFOPLIST_KEY_UISupportedInterfaceOrientations_iPad = "UIInterfaceOrientationPortrait UIInterfaceOrientationPortraitUpsideDown UIInterfaceOrientationLandscapeLeft UIInterfaceOrientationLandscapeRight";
				INFOPLIST_KEY_UISupportedInterfaceOrientations_iPhone = "UIInterfaceOrientationPortrait UIInterfaceOrientationLandscapeLeft UIInterfaceOrientationLandscapeRight";
				LD_RUNPATH_SEARCH_PATHS = (
					"$(inherited)",
					"@executable_path/Frameworks",
				);
				MARKETING_VERSION = 1.0;
				PRODUCT_BUNDLE_IDENTIFIER = app.reclip.ReclipFeaturedFeed;
				PRODUCT_NAME = "$(TARGET_NAME)";
				SWIFT_EMIT_LOC_STRINGS = YES;
				SWIFT_VERSION = 5.0;
				TARGETED_DEVICE_FAMILY = "1,2";
			};
			name = Debug;
		};
		090EE6D62739940700FDFCED /* Release */ = {
			isa = XCBuildConfiguration;
			buildSettings = {
				ASSETCATALOG_COMPILER_APPICON_NAME = AppIcon;
				ASSETCATALOG_COMPILER_GLOBAL_ACCENT_COLOR_NAME = AccentColor;
				CODE_SIGN_STYLE = Automatic;
				CURRENT_PROJECT_VERSION = 1;
				DEVELOPMENT_ASSET_PATHS = "\"ReclipFeaturedFeed/Preview Content\"";
				ENABLE_PREVIEWS = YES;
				GENERATE_INFOPLIST_FILE = YES;
				INFOPLIST_KEY_UIApplicationSceneManifest_Generation = YES;
				INFOPLIST_KEY_UIApplicationSupportsIndirectInputEvents = YES;
				INFOPLIST_KEY_UILaunchScreen_Generation = YES;
				INFOPLIST_KEY_UISupportedInterfaceOrientations_iPad = "UIInterfaceOrientationPortrait UIInterfaceOrientationPortraitUpsideDown UIInterfaceOrientationLandscapeLeft UIInterfaceOrientationLandscapeRight";
				INFOPLIST_KEY_UISupportedInterfaceOrientations_iPhone = "UIInterfaceOrientationPortrait UIInterfaceOrientationLandscapeLeft UIInterfaceOrientationLandscapeRight";
				LD_RUNPATH_SEARCH_PATHS = (
					"$(inherited)",
					"@executable_path/Frameworks",
				);
				MARKETING_VERSION = 1.0;
				PRODUCT_BUNDLE_IDENTIFIER = app.reclip.ReclipFeaturedFeed;
				PRODUCT_NAME = "$(TARGET_NAME)";
				SWIFT_EMIT_LOC_STRINGS = YES;
				SWIFT_VERSION = 5.0;
				TARGETED_DEVICE_FAMILY = "1,2";
			};
			name = Release;
		};
		090EE6D82739940700FDFCED /* Debug */ = {
			isa = XCBuildConfiguration;
			buildSettings = {
				ALWAYS_EMBED_SWIFT_STANDARD_LIBRARIES = YES;
				BUNDLE_LOADER = "$(TEST_HOST)";
				CODE_SIGN_STYLE = Automatic;
				CURRENT_PROJECT_VERSION = 1;
				GENERATE_INFOPLIST_FILE = YES;
				IPHONEOS_DEPLOYMENT_TARGET = 15.0;
				LD_RUNPATH_SEARCH_PATHS = (
					"$(inherited)",
					"@executable_path/Frameworks",
					"@loader_path/Frameworks",
				);
				MARKETING_VERSION = 1.0;
				PRODUCT_BUNDLE_IDENTIFIER = app.reclip.ReclipFeaturedFeedTests;
				PRODUCT_NAME = "$(TARGET_NAME)";
				SWIFT_EMIT_LOC_STRINGS = NO;
				SWIFT_VERSION = 5.0;
				TARGETED_DEVICE_FAMILY = "1,2";
				TEST_HOST = "$(BUILT_PRODUCTS_DIR)/ReclipFeaturedFeed.app/ReclipFeaturedFeed";
			};
			name = Debug;
		};
		090EE6D92739940700FDFCED /* Release */ = {
			isa = XCBuildConfiguration;
			buildSettings = {
				ALWAYS_EMBED_SWIFT_STANDARD_LIBRARIES = YES;
				BUNDLE_LOADER = "$(TEST_HOST)";
				CODE_SIGN_STYLE = Automatic;
				CURRENT_PROJECT_VERSION = 1;
				GENERATE_INFOPLIST_FILE = YES;
				IPHONEOS_DEPLOYMENT_TARGET = 15.0;
				LD_RUNPATH_SEARCH_PATHS = (
					"$(inherited)",
					"@executable_path/Frameworks",
					"@loader_path/Frameworks",
				);
				MARKETING_VERSION = 1.0;
				PRODUCT_BUNDLE_IDENTIFIER = app.reclip.ReclipFeaturedFeedTests;
				PRODUCT_NAME = "$(TARGET_NAME)";
				SWIFT_EMIT_LOC_STRINGS = NO;
				SWIFT_VERSION = 5.0;
				TARGETED_DEVICE_FAMILY = "1,2";
				TEST_HOST = "$(BUILT_PRODUCTS_DIR)/ReclipFeaturedFeed.app/ReclipFeaturedFeed";
			};
			name = Release;
		};
/* End XCBuildConfiguration section */

/* Begin XCConfigurationList section */
		090EE6AB2739940400FDFCED /* Build configuration list for PBXProject "ReclipFeaturedFeed" */ = {
			isa = XCConfigurationList;
			buildConfigurations = (
				090EE6D22739940700FDFCED /* Debug */,
				090EE6D32739940700FDFCED /* Release */,
			);
			defaultConfigurationIsVisible = 0;
			defaultConfigurationName = Release;
		};
		090EE6D42739940700FDFCED /* Build configuration list for PBXNativeTarget "ReclipFeaturedFeed" */ = {
			isa = XCConfigurationList;
			buildConfigurations = (
				090EE6D52739940700FDFCED /* Debug */,
				090EE6D62739940700FDFCED /* Release */,
			);
			defaultConfigurationIsVisible = 0;
			defaultConfigurationName = Release;
		};
		090EE6D72739940700FDFCED /* Build configuration list for PBXNativeTarget "ReclipFeaturedFeedTests" */ = {
			isa = XCConfigurationList;
			buildConfigurations = (
				090EE6D82739940700FDFCED /* Debug */,
				090EE6D92739940700FDFCED /* Release */,
			);
			defaultConfigurationIsVisible = 0;
			defaultConfigurationName = Release;
		};
/* End XCConfigurationList section */
	};
	rootObject = 090EE6A82739940400FDFCED /* Project object */;
}
